<?xml version="1.0" encoding="UTF-8"?>
<!DOCTYPE plist PUBLIC "-//Apple//DTD PLIST 1.0//EN" "http://www.apple.com/DTDs/PropertyList-1.0.dtd">
<plist version="1.0">
<dict>
	<key>archiveVersion</key>
	<string>1</string>
	<key>classes</key>
	<dict/>
	<key>objectVersion</key>
	<string>46</string>
	<key>objects</key>
	<dict>
		<key>0EB70485E86743F8AFF3673C</key>
		<dict>
			<key>buildActionMask</key>
			<string>2147483647</string>
			<key>files</key>
			<array/>
			<key>inputPaths</key>
			<array/>
			<key>isa</key>
			<string>PBXShellScriptBuildPhase</string>
			<key>name</key>
			<string>Copy Pods Resources</string>
			<key>outputPaths</key>
			<array/>
			<key>runOnlyForDeploymentPostprocessing</key>
			<string>0</string>
			<key>shellPath</key>
			<string>/bin/sh</string>
			<key>shellScript</key>
			<string>"${SRCROOT}/Pods/Target Support Files/Pods/Pods-resources.sh"
</string>
			<key>showEnvVarsInLog</key>
			<string>0</string>
		</dict>
		<key>4235735AB4764046844DEA43</key>
		<dict>
			<key>buildActionMask</key>
			<string>2147483647</string>
			<key>files</key>
			<array/>
			<key>inputPaths</key>
			<array/>
			<key>isa</key>
			<string>PBXShellScriptBuildPhase</string>
			<key>name</key>
			<string>Check Pods Manifest.lock</string>
			<key>outputPaths</key>
			<array/>
			<key>runOnlyForDeploymentPostprocessing</key>
			<string>0</string>
			<key>shellPath</key>
			<string>/bin/sh</string>
			<key>shellScript</key>
			<string>diff "${PODS_ROOT}/../Podfile.lock" "${PODS_ROOT}/Manifest.lock" &gt; /dev/null
if [[ $? != 0 ]] ; then
    cat &lt;&lt; EOM
error: The sandbox is not in sync with the Podfile.lock. Run 'pod install' or update your CocoaPods installation.
EOM
    exit 1
fi
</string>
			<key>showEnvVarsInLog</key>
			<string>0</string>
		</dict>
		<key>4F350B0B16F7C9FF0002AA89</key>
		<dict>
			<key>isa</key>
			<string>PBXFileReference</string>
			<key>lastKnownFileType</key>
			<string>image.png</string>
			<key>name</key>
			<string>Icon.png</string>
			<key>path</key>
			<string>../Icon.png</string>
			<key>sourceTree</key>
			<string>&lt;group&gt;</string>
		</dict>
		<key>4F350B0C16F7C9FF0002AA89</key>
		<dict>
			<key>fileRef</key>
			<string>4F350B0B16F7C9FF0002AA89</string>
			<key>isa</key>
			<string>PBXBuildFile</string>
		</dict>
		<key>4F350B0D16F7CA040002AA89</key>
		<dict>
			<key>isa</key>
			<string>PBXFileReference</string>
			<key>lastKnownFileType</key>
			<string>image.png</string>
			<key>name</key>
			<string>Icon@2x.png</string>
			<key>path</key>
			<string>../Icon@2x.png</string>
			<key>sourceTree</key>
			<string>&lt;group&gt;</string>
		</dict>
		<key>4F350B0E16F7CA040002AA89</key>
		<dict>
			<key>fileRef</key>
			<string>4F350B0D16F7CA040002AA89</string>
			<key>isa</key>
			<string>PBXBuildFile</string>
		</dict>
		<key>4F350B0F16F7CA100002AA89</key>
		<dict>
			<key>isa</key>
			<string>PBXFileReference</string>
			<key>lastKnownFileType</key>
			<string>image.png</string>
			<key>name</key>
			<string>Icon-72.png</string>
			<key>path</key>
			<string>../Icon-72.png</string>
			<key>sourceTree</key>
			<string>&lt;group&gt;</string>
		</dict>
		<key>4F350B1016F7CA100002AA89</key>
		<dict>
			<key>fileRef</key>
			<string>4F350B0F16F7CA100002AA89</string>
			<key>isa</key>
			<string>PBXBuildFile</string>
		</dict>
		<key>4F350B1116F7CA130002AA89</key>
		<dict>
			<key>isa</key>
			<string>PBXFileReference</string>
			<key>lastKnownFileType</key>
			<string>image.png</string>
			<key>name</key>
			<string>Icon-72@2x.png</string>
			<key>path</key>
			<string>../Icon-72@2x.png</string>
			<key>sourceTree</key>
			<string>&lt;group&gt;</string>
		</dict>
		<key>4F350B1216F7CA130002AA89</key>
		<dict>
			<key>fileRef</key>
			<string>4F350B1116F7CA130002AA89</string>
			<key>isa</key>
			<string>PBXBuildFile</string>
		</dict>
		<key>4F4E7AD716F7C58300663707</key>
		<dict>
			<key>children</key>
			<array>
				<string>4F4E7AE916F7C58300663707</string>
				<string>4F4E7AE216F7C58300663707</string>
				<string>4F4E7AE116F7C58300663707</string>
				<string>C456745E0CB36FD3E676B242</string>
			</array>
			<key>isa</key>
			<string>PBXGroup</string>
			<key>sourceTree</key>
			<string>&lt;group&gt;</string>
		</dict>
		<key>4F4E7AD816F7C58300663707</key>
		<dict>
			<key>attributes</key>
			<dict>
				<key>LastUpgradeCheck</key>
				<string>0460</string>
				<key>ORGANIZATIONNAME</key>
				<string>LearnStack</string>
				<key>TargetAttributes</key>
				<dict>
					<key>4F4E7ADF16F7C58300663707</key>
					<dict>
						<key>DevelopmentTeam</key>
						<string>969L5L5G9L</string>
					</dict>
				</dict>
			</dict>
			<key>buildConfigurationList</key>
			<string>4F4E7ADB16F7C58300663707</string>
			<key>compatibilityVersion</key>
			<string>Xcode 3.2</string>
			<key>developmentRegion</key>
			<string>English</string>
			<key>hasScannedForEncodings</key>
			<string>0</string>
			<key>isa</key>
			<string>PBXProject</string>
			<key>knownRegions</key>
			<array>
				<string>en</string>
			</array>
			<key>mainGroup</key>
			<string>4F4E7AD716F7C58300663707</string>
			<key>productRefGroup</key>
			<string>4F4E7AE116F7C58300663707</string>
			<key>projectDirPath</key>
			<string></string>
			<key>projectReferences</key>
			<array/>
			<key>projectRoot</key>
			<string></string>
			<key>targets</key>
			<array>
				<string>4F4E7ADF16F7C58300663707</string>
			</array>
		</dict>
		<key>4F4E7ADB16F7C58300663707</key>
		<dict>
			<key>buildConfigurations</key>
			<array>
				<string>4F4E7AFB16F7C58300663707</string>
				<string>4F4E7AFC16F7C58300663707</string>
			</array>
			<key>defaultConfigurationIsVisible</key>
			<string>0</string>
			<key>defaultConfigurationName</key>
			<string>Release</string>
			<key>isa</key>
			<string>XCConfigurationList</string>
		</dict>
		<key>4F4E7ADC16F7C58300663707</key>
		<dict>
			<key>buildActionMask</key>
			<string>2147483647</string>
			<key>files</key>
			<array>
				<string>4F4E7AF016F7C58300663707</string>
				<string>4F4E7AF416F7C58300663707</string>
				<string>4F4E7B0216F7C5B500663707</string>
			</array>
			<key>isa</key>
			<string>PBXSourcesBuildPhase</string>
			<key>runOnlyForDeploymentPostprocessing</key>
			<string>0</string>
		</dict>
		<key>4F4E7ADD16F7C58300663707</key>
		<dict>
			<key>buildActionMask</key>
			<string>2147483647</string>
			<key>files</key>
			<array>
				<string>4F4E7B2816F7C6ED00663707</string>
				<string>4F4E7AE416F7C58300663707</string>
				<string>4F4E7AE616F7C58300663707</string>
				<string>4F4E7AE816F7C58300663707</string>
				<string>607ED7BCE3404F84808CFB04</string>
			</array>
			<key>isa</key>
			<string>PBXFrameworksBuildPhase</string>
			<key>runOnlyForDeploymentPostprocessing</key>
			<string>0</string>
		</dict>
		<key>4F4E7ADE16F7C58300663707</key>
		<dict>
			<key>buildActionMask</key>
			<string>2147483647</string>
			<key>files</key>
			<array>
				<string>4F4E7AEE16F7C58300663707</string>
				<string>4F4E7AF616F7C58300663707</string>
				<string>4F4E7AF816F7C58300663707</string>
				<string>4F4E7AFA16F7C58300663707</string>
				<string>4F4E7B0716F7C60B00663707</string>
				<string>4F4E7B0816F7C60B00663707</string>
				<string>4F4E7B0916F7C60B00663707</string>
				<string>4F4E7B0A16F7C60B00663707</string>
				<string>4F4E7B1216F7C66000663707</string>
				<string>4F4E7B1316F7C66000663707</string>
				<string>4F4E7B1416F7C66000663707</string>
				<string>4F4E7B1516F7C66000663707</string>
				<string>4F4E7B1616F7C66000663707</string>
				<string>4F4E7B1716F7C66000663707</string>
				<string>4F350B0C16F7C9FF0002AA89</string>
				<string>4F350B0E16F7CA040002AA89</string>
				<string>4F350B1016F7CA100002AA89</string>
				<string>4F350B1216F7CA130002AA89</string>
				<string>4F97E83D17B40EDC00773372</string>
				<string>4F97E83E17B40EDC00773372</string>
				<string>4F97E83F17B40EDC00773372</string>
			</array>
			<key>isa</key>
			<string>PBXResourcesBuildPhase</string>
			<key>runOnlyForDeploymentPostprocessing</key>
			<string>0</string>
		</dict>
		<key>4F4E7ADF16F7C58300663707</key>
		<dict>
			<key>buildConfigurationList</key>
			<string>4F4E7AFD16F7C58300663707</string>
			<key>buildPhases</key>
			<array>
				<string>4235735AB4764046844DEA43</string>
				<string>4F4E7ADC16F7C58300663707</string>
				<string>4F4E7ADD16F7C58300663707</string>
				<string>4F4E7ADE16F7C58300663707</string>
				<string>0EB70485E86743F8AFF3673C</string>
			</array>
			<key>buildRules</key>
			<array/>
			<key>dependencies</key>
			<array/>
			<key>isa</key>
			<string>PBXNativeTarget</string>
			<key>name</key>
			<string>LSNewsletterInviteDemo</string>
			<key>productName</key>
			<string>LSNewsletterInviteDemo</string>
			<key>productReference</key>
			<string>4F4E7AE016F7C58300663707</string>
			<key>productType</key>
			<string>com.apple.product-type.application</string>
		</dict>
		<key>4F4E7AE016F7C58300663707</key>
		<dict>
			<key>explicitFileType</key>
			<string>wrapper.application</string>
			<key>includeInIndex</key>
			<string>0</string>
			<key>isa</key>
			<string>PBXFileReference</string>
			<key>path</key>
			<string>LSNewsletterInviteDemo.app</string>
			<key>sourceTree</key>
			<string>BUILT_PRODUCTS_DIR</string>
		</dict>
		<key>4F4E7AE116F7C58300663707</key>
		<dict>
			<key>children</key>
			<array>
				<string>4F4E7AE016F7C58300663707</string>
			</array>
			<key>isa</key>
			<string>PBXGroup</string>
			<key>name</key>
			<string>Products</string>
			<key>sourceTree</key>
			<string>&lt;group&gt;</string>
		</dict>
		<key>4F4E7AE216F7C58300663707</key>
		<dict>
			<key>children</key>
			<array>
				<string>4F4E7B2716F7C6ED00663707</string>
				<string>4F4E7AE316F7C58300663707</string>
				<string>4F4E7AE516F7C58300663707</string>
				<string>4F4E7AE716F7C58300663707</string>
				<string>D66B76C67B5C4F7F9C1803A0</string>
			</array>
			<key>isa</key>
			<string>PBXGroup</string>
			<key>name</key>
			<string>Frameworks</string>
			<key>sourceTree</key>
			<string>&lt;group&gt;</string>
		</dict>
		<key>4F4E7AE316F7C58300663707</key>
		<dict>
			<key>isa</key>
			<string>PBXFileReference</string>
			<key>lastKnownFileType</key>
			<string>wrapper.framework</string>
			<key>name</key>
			<string>UIKit.framework</string>
			<key>path</key>
			<string>System/Library/Frameworks/UIKit.framework</string>
			<key>sourceTree</key>
			<string>SDKROOT</string>
		</dict>
		<key>4F4E7AE416F7C58300663707</key>
		<dict>
			<key>fileRef</key>
			<string>4F4E7AE316F7C58300663707</string>
			<key>isa</key>
			<string>PBXBuildFile</string>
		</dict>
		<key>4F4E7AE516F7C58300663707</key>
		<dict>
			<key>isa</key>
			<string>PBXFileReference</string>
			<key>lastKnownFileType</key>
			<string>wrapper.framework</string>
			<key>name</key>
			<string>Foundation.framework</string>
			<key>path</key>
			<string>System/Library/Frameworks/Foundation.framework</string>
			<key>sourceTree</key>
			<string>SDKROOT</string>
		</dict>
		<key>4F4E7AE616F7C58300663707</key>
		<dict>
			<key>fileRef</key>
			<string>4F4E7AE516F7C58300663707</string>
			<key>isa</key>
			<string>PBXBuildFile</string>
		</dict>
		<key>4F4E7AE716F7C58300663707</key>
		<dict>
			<key>isa</key>
			<string>PBXFileReference</string>
			<key>lastKnownFileType</key>
			<string>wrapper.framework</string>
			<key>name</key>
			<string>CoreGraphics.framework</string>
			<key>path</key>
			<string>System/Library/Frameworks/CoreGraphics.framework</string>
			<key>sourceTree</key>
			<string>SDKROOT</string>
		</dict>
		<key>4F4E7AE816F7C58300663707</key>
		<dict>
			<key>fileRef</key>
			<string>4F4E7AE716F7C58300663707</string>
			<key>isa</key>
			<string>PBXBuildFile</string>
		</dict>
		<key>4F4E7AE916F7C58300663707</key>
		<dict>
			<key>children</key>
			<array>
				<string>4F4E7AF216F7C58300663707</string>
				<string>4F4E7AF316F7C58300663707</string>
				<string>4F4E7B0016F7C5B500663707</string>
				<string>4F4E7B0116F7C5B500663707</string>
				<string>4F4E7B0B16F7C66000663707</string>
				<string>4F4E7AEA16F7C58300663707</string>
			</array>
			<key>isa</key>
			<string>PBXGroup</string>
			<key>path</key>
			<string>LSNewsletterInviteDemo</string>
			<key>sourceTree</key>
			<string>&lt;group&gt;</string>
		</dict>
		<key>4F4E7AEA16F7C58300663707</key>
		<dict>
			<key>children</key>
			<array>
				<string>4F4E7AEB16F7C58300663707</string>
				<string>4F4E7AEC16F7C58300663707</string>
				<string>4F4E7AEF16F7C58300663707</string>
				<string>4F4E7AF116F7C58300663707</string>
				<string>4F350B1116F7CA130002AA89</string>
				<string>4F350B0F16F7CA100002AA89</string>
				<string>4F350B0D16F7CA040002AA89</string>
				<string>4F350B0B16F7C9FF0002AA89</string>
				<string>4F4E7B0316F7C60A00663707</string>
				<string>4F4E7B0416F7C60B00663707</string>
				<string>4F4E7B0516F7C60B00663707</string>
				<string>4F4E7B0616F7C60B00663707</string>
				<string>4F4E7AF516F7C58300663707</string>
				<string>4F4E7AF716F7C58300663707</string>
				<string>4F4E7AF916F7C58300663707</string>
			</array>
			<key>isa</key>
			<string>PBXGroup</string>
			<key>name</key>
			<string>Supporting Files</string>
			<key>sourceTree</key>
			<string>&lt;group&gt;</string>
		</dict>
		<key>4F4E7AEB16F7C58300663707</key>
		<dict>
			<key>isa</key>
			<string>PBXFileReference</string>
			<key>lastKnownFileType</key>
			<string>text.plist.xml</string>
			<key>path</key>
			<string>LSNewsletterInviteDemo-Info.plist</string>
			<key>sourceTree</key>
			<string>&lt;group&gt;</string>
		</dict>
		<key>4F4E7AEC16F7C58300663707</key>
		<dict>
			<key>children</key>
			<array>
				<string>4F4E7AED16F7C58300663707</string>
			</array>
			<key>isa</key>
			<string>PBXVariantGroup</string>
			<key>name</key>
			<string>InfoPlist.strings</string>
			<key>sourceTree</key>
			<string>&lt;group&gt;</string>
		</dict>
		<key>4F4E7AED16F7C58300663707</key>
		<dict>
			<key>isa</key>
			<string>PBXFileReference</string>
			<key>lastKnownFileType</key>
			<string>text.plist.strings</string>
			<key>name</key>
			<string>en</string>
			<key>path</key>
			<string>en.lproj/InfoPlist.strings</string>
			<key>sourceTree</key>
			<string>&lt;group&gt;</string>
		</dict>
		<key>4F4E7AEE16F7C58300663707</key>
		<dict>
			<key>fileRef</key>
			<string>4F4E7AEC16F7C58300663707</string>
			<key>isa</key>
			<string>PBXBuildFile</string>
		</dict>
		<key>4F4E7AEF16F7C58300663707</key>
		<dict>
			<key>isa</key>
			<string>PBXFileReference</string>
			<key>lastKnownFileType</key>
			<string>sourcecode.c.objc</string>
			<key>path</key>
			<string>main.m</string>
			<key>sourceTree</key>
			<string>&lt;group&gt;</string>
		</dict>
		<key>4F4E7AF016F7C58300663707</key>
		<dict>
			<key>fileRef</key>
			<string>4F4E7AEF16F7C58300663707</string>
			<key>isa</key>
			<string>PBXBuildFile</string>
		</dict>
		<key>4F4E7AF116F7C58300663707</key>
		<dict>
			<key>isa</key>
			<string>PBXFileReference</string>
			<key>lastKnownFileType</key>
			<string>sourcecode.c.h</string>
			<key>path</key>
			<string>LSNewsletterInviteDemo-Prefix.pch</string>
			<key>sourceTree</key>
			<string>&lt;group&gt;</string>
		</dict>
		<key>4F4E7AF216F7C58300663707</key>
		<dict>
			<key>isa</key>
			<string>PBXFileReference</string>
			<key>lastKnownFileType</key>
			<string>sourcecode.c.h</string>
			<key>path</key>
			<string>AppDelegate.h</string>
			<key>sourceTree</key>
			<string>&lt;group&gt;</string>
		</dict>
		<key>4F4E7AF316F7C58300663707</key>
		<dict>
			<key>isa</key>
			<string>PBXFileReference</string>
			<key>lastKnownFileType</key>
			<string>sourcecode.c.objc</string>
			<key>path</key>
			<string>AppDelegate.m</string>
			<key>sourceTree</key>
			<string>&lt;group&gt;</string>
		</dict>
		<key>4F4E7AF416F7C58300663707</key>
		<dict>
			<key>fileRef</key>
			<string>4F4E7AF316F7C58300663707</string>
			<key>isa</key>
			<string>PBXBuildFile</string>
		</dict>
		<key>4F4E7AF516F7C58300663707</key>
		<dict>
			<key>isa</key>
			<string>PBXFileReference</string>
			<key>lastKnownFileType</key>
			<string>image.png</string>
			<key>path</key>
			<string>Default.png</string>
			<key>sourceTree</key>
			<string>&lt;group&gt;</string>
		</dict>
		<key>4F4E7AF616F7C58300663707</key>
		<dict>
			<key>fileRef</key>
			<string>4F4E7AF516F7C58300663707</string>
			<key>isa</key>
			<string>PBXBuildFile</string>
		</dict>
		<key>4F4E7AF716F7C58300663707</key>
		<dict>
			<key>isa</key>
			<string>PBXFileReference</string>
			<key>lastKnownFileType</key>
			<string>image.png</string>
			<key>path</key>
			<string>Default@2x.png</string>
			<key>sourceTree</key>
			<string>&lt;group&gt;</string>
		</dict>
		<key>4F4E7AF816F7C58300663707</key>
		<dict>
			<key>fileRef</key>
			<string>4F4E7AF716F7C58300663707</string>
			<key>isa</key>
			<string>PBXBuildFile</string>
		</dict>
		<key>4F4E7AF916F7C58300663707</key>
		<dict>
			<key>isa</key>
			<string>PBXFileReference</string>
			<key>lastKnownFileType</key>
			<string>image.png</string>
			<key>path</key>
			<string>Default-568h@2x.png</string>
			<key>sourceTree</key>
			<string>&lt;group&gt;</string>
		</dict>
		<key>4F4E7AFA16F7C58300663707</key>
		<dict>
			<key>fileRef</key>
			<string>4F4E7AF916F7C58300663707</string>
			<key>isa</key>
			<string>PBXBuildFile</string>
		</dict>
		<key>4F4E7AFB16F7C58300663707</key>
		<dict>
			<key>buildSettings</key>
			<dict>
				<key>ALWAYS_SEARCH_USER_PATHS</key>
				<string>NO</string>
				<key>CLANG_CXX_LANGUAGE_STANDARD</key>
				<string>gnu++0x</string>
				<key>CLANG_CXX_LIBRARY</key>
				<string>libc++</string>
				<key>CLANG_ENABLE_OBJC_ARC</key>
				<string>YES</string>
				<key>CLANG_WARN_CONSTANT_CONVERSION</key>
				<string>YES</string>
				<key>CLANG_WARN_EMPTY_BODY</key>
				<string>YES</string>
				<key>CLANG_WARN_ENUM_CONVERSION</key>
				<string>YES</string>
				<key>CLANG_WARN_INT_CONVERSION</key>
				<string>YES</string>
				<key>CLANG_WARN__DUPLICATE_METHOD_MATCH</key>
				<string>YES</string>
				<key>CODE_SIGN_IDENTITY[sdk=iphoneos*]</key>
				<string>iPhone Developer</string>
				<key>COPY_PHASE_STRIP</key>
				<string>NO</string>
				<key>GCC_C_LANGUAGE_STANDARD</key>
				<string>gnu99</string>
				<key>GCC_DYNAMIC_NO_PIC</key>
				<string>NO</string>
				<key>GCC_OPTIMIZATION_LEVEL</key>
				<string>0</string>
				<key>GCC_PREPROCESSOR_DEFINITIONS</key>
				<array>
					<string>DEBUG=1</string>
					<string>$(inherited)</string>
				</array>
				<key>GCC_SYMBOLS_PRIVATE_EXTERN</key>
				<string>NO</string>
				<key>GCC_WARN_ABOUT_RETURN_TYPE</key>
				<string>YES</string>
				<key>GCC_WARN_UNINITIALIZED_AUTOS</key>
				<string>YES</string>
				<key>GCC_WARN_UNUSED_VARIABLE</key>
				<string>YES</string>
				<key>IPHONEOS_DEPLOYMENT_TARGET</key>
				<string>6.1</string>
				<key>ONLY_ACTIVE_ARCH</key>
				<string>YES</string>
				<key>SDKROOT</key>
				<string>iphoneos</string>
				<key>TARGETED_DEVICE_FAMILY</key>
				<string>1,2</string>
			</dict>
			<key>isa</key>
			<string>XCBuildConfiguration</string>
			<key>name</key>
			<string>Debug</string>
		</dict>
		<key>4F4E7AFC16F7C58300663707</key>
		<dict>
			<key>buildSettings</key>
			<dict>
				<key>ALWAYS_SEARCH_USER_PATHS</key>
				<string>NO</string>
				<key>CLANG_CXX_LANGUAGE_STANDARD</key>
				<string>gnu++0x</string>
				<key>CLANG_CXX_LIBRARY</key>
				<string>libc++</string>
				<key>CLANG_ENABLE_OBJC_ARC</key>
				<string>YES</string>
				<key>CLANG_WARN_CONSTANT_CONVERSION</key>
				<string>YES</string>
				<key>CLANG_WARN_EMPTY_BODY</key>
				<string>YES</string>
				<key>CLANG_WARN_ENUM_CONVERSION</key>
				<string>YES</string>
				<key>CLANG_WARN_INT_CONVERSION</key>
				<string>YES</string>
				<key>CLANG_WARN__DUPLICATE_METHOD_MATCH</key>
				<string>YES</string>
				<key>CODE_SIGN_IDENTITY[sdk=iphoneos*]</key>
				<string>iPhone Developer</string>
				<key>COPY_PHASE_STRIP</key>
				<string>YES</string>
				<key>GCC_C_LANGUAGE_STANDARD</key>
				<string>gnu99</string>
				<key>GCC_WARN_ABOUT_RETURN_TYPE</key>
				<string>YES</string>
				<key>GCC_WARN_UNINITIALIZED_AUTOS</key>
				<string>YES</string>
				<key>GCC_WARN_UNUSED_VARIABLE</key>
				<string>YES</string>
				<key>IPHONEOS_DEPLOYMENT_TARGET</key>
				<string>6.1</string>
				<key>OTHER_CFLAGS</key>
				<string>-DNS_BLOCK_ASSERTIONS=1</string>
				<key>SDKROOT</key>
				<string>iphoneos</string>
				<key>TARGETED_DEVICE_FAMILY</key>
				<string>1,2</string>
				<key>VALIDATE_PRODUCT</key>
				<string>YES</string>
			</dict>
			<key>isa</key>
			<string>XCBuildConfiguration</string>
			<key>name</key>
			<string>Release</string>
		</dict>
		<key>4F4E7AFD16F7C58300663707</key>
		<dict>
			<key>buildConfigurations</key>
			<array>
				<string>4F4E7AFE16F7C58300663707</string>
				<string>4F4E7AFF16F7C58300663707</string>
			</array>
			<key>defaultConfigurationIsVisible</key>
			<string>0</string>
			<key>defaultConfigurationName</key>
			<string>Release</string>
			<key>isa</key>
			<string>XCConfigurationList</string>
		</dict>
		<key>4F4E7AFE16F7C58300663707</key>
		<dict>
			<key>baseConfigurationReference</key>
			<string>69612E8F8F3DF94738A0857A</string>
			<key>buildSettings</key>
			<dict>
				<key>CODE_SIGN_IDENTITY</key>
				<string>iPhone Developer</string>
				<key>CODE_SIGN_IDENTITY[sdk=iphoneos*]</key>
				<string>iPhone Developer</string>
				<key>GCC_PRECOMPILE_PREFIX_HEADER</key>
				<string>YES</string>
				<key>GCC_PREFIX_HEADER</key>
				<string>LSNewsletterInviteDemo/LSNewsletterInviteDemo-Prefix.pch</string>
				<key>INFOPLIST_FILE</key>
				<string>LSNewsletterInviteDemo/LSNewsletterInviteDemo-Info.plist</string>
				<key>PRODUCT_NAME</key>
				<string>$(TARGET_NAME)</string>
				<key>PROVISIONING_PROFILE</key>
				<string></string>
				<key>WRAPPER_EXTENSION</key>
				<string>app</string>
			</dict>
			<key>isa</key>
			<string>XCBuildConfiguration</string>
			<key>name</key>
			<string>Debug</string>
		</dict>
		<key>4F4E7AFF16F7C58300663707</key>
		<dict>
			<key>baseConfigurationReference</key>
			<string>875959D64CB3661E765E5DBD</string>
			<key>buildSettings</key>
			<dict>
				<key>CODE_SIGN_IDENTITY</key>
				<string>iPhone Developer</string>
				<key>CODE_SIGN_IDENTITY[sdk=iphoneos*]</key>
				<string>iPhone Developer</string>
				<key>GCC_PRECOMPILE_PREFIX_HEADER</key>
				<string>YES</string>
				<key>GCC_PREFIX_HEADER</key>
				<string>LSNewsletterInviteDemo/LSNewsletterInviteDemo-Prefix.pch</string>
				<key>INFOPLIST_FILE</key>
				<string>LSNewsletterInviteDemo/LSNewsletterInviteDemo-Info.plist</string>
				<key>PRODUCT_NAME</key>
				<string>$(TARGET_NAME)</string>
				<key>PROVISIONING_PROFILE</key>
				<string></string>
				<key>WRAPPER_EXTENSION</key>
				<string>app</string>
			</dict>
			<key>isa</key>
			<string>XCBuildConfiguration</string>
			<key>name</key>
			<string>Release</string>
		</dict>
		<key>4F4E7B0016F7C5B500663707</key>
		<dict>
			<key>fileEncoding</key>
			<string>4</string>
			<key>isa</key>
			<string>PBXFileReference</string>
			<key>lastKnownFileType</key>
			<string>sourcecode.c.h</string>
			<key>path</key>
			<string>DemoViewController.h</string>
			<key>sourceTree</key>
			<string>&lt;group&gt;</string>
		</dict>
		<key>4F4E7B0116F7C5B500663707</key>
		<dict>
			<key>fileEncoding</key>
			<string>4</string>
			<key>isa</key>
			<string>PBXFileReference</string>
			<key>lastKnownFileType</key>
			<string>sourcecode.c.objc</string>
			<key>path</key>
			<string>DemoViewController.m</string>
			<key>sourceTree</key>
			<string>&lt;group&gt;</string>
		</dict>
		<key>4F4E7B0216F7C5B500663707</key>
		<dict>
			<key>fileRef</key>
			<string>4F4E7B0116F7C5B500663707</string>
			<key>isa</key>
			<string>PBXBuildFile</string>
		</dict>
		<key>4F4E7B0316F7C60A00663707</key>
		<dict>
			<key>isa</key>
			<string>PBXFileReference</string>
			<key>lastKnownFileType</key>
			<string>image.png</string>
			<key>path</key>
			<string>Default-Landscape@2x~ipad.png</string>
			<key>sourceTree</key>
			<string>&lt;group&gt;</string>
		</dict>
		<key>4F4E7B0416F7C60B00663707</key>
		<dict>
			<key>isa</key>
			<string>PBXFileReference</string>
			<key>lastKnownFileType</key>
			<string>image.png</string>
			<key>path</key>
			<string>Default-Landscape~ipad.png</string>
			<key>sourceTree</key>
			<string>&lt;group&gt;</string>
		</dict>
		<key>4F4E7B0516F7C60B00663707</key>
		<dict>
			<key>isa</key>
			<string>PBXFileReference</string>
			<key>lastKnownFileType</key>
			<string>image.png</string>
			<key>path</key>
			<string>Default-Portrait@2x~ipad.png</string>
			<key>sourceTree</key>
			<string>&lt;group&gt;</string>
		</dict>
		<key>4F4E7B0616F7C60B00663707</key>
		<dict>
			<key>isa</key>
			<string>PBXFileReference</string>
			<key>lastKnownFileType</key>
			<string>image.png</string>
			<key>path</key>
			<string>Default-Portrait~ipad.png</string>
			<key>sourceTree</key>
			<string>&lt;group&gt;</string>
		</dict>
		<key>4F4E7B0716F7C60B00663707</key>
		<dict>
			<key>fileRef</key>
			<string>4F4E7B0316F7C60A00663707</string>
			<key>isa</key>
			<string>PBXBuildFile</string>
		</dict>
		<key>4F4E7B0816F7C60B00663707</key>
		<dict>
			<key>fileRef</key>
			<string>4F4E7B0416F7C60B00663707</string>
			<key>isa</key>
			<string>PBXBuildFile</string>
		</dict>
		<key>4F4E7B0916F7C60B00663707</key>
		<dict>
			<key>fileRef</key>
			<string>4F4E7B0516F7C60B00663707</string>
			<key>isa</key>
			<string>PBXBuildFile</string>
		</dict>
		<key>4F4E7B0A16F7C60B00663707</key>
		<dict>
			<key>fileRef</key>
			<string>4F4E7B0616F7C60B00663707</string>
			<key>isa</key>
			<string>PBXBuildFile</string>
		</dict>
		<key>4F4E7B0B16F7C66000663707</key>
		<dict>
			<key>children</key>
			<array>
				<string>4F97E83A17B40EDC00773372</string>
				<string>4F97E83B17B40EDC00773372</string>
				<string>4F97E83C17B40EDC00773372</string>
				<string>4F4E7B0C16F7C66000663707</string>
				<string>4F4E7B0D16F7C66000663707</string>
				<string>4F4E7B0E16F7C66000663707</string>
				<string>4F4E7B0F16F7C66000663707</string>
				<string>4F4E7B1016F7C66000663707</string>
				<string>4F4E7B1116F7C66000663707</string>
			</array>
			<key>isa</key>
			<string>PBXGroup</string>
			<key>path</key>
			<string>Sample Images</string>
			<key>sourceTree</key>
			<string>&lt;group&gt;</string>
		</dict>
		<key>4F4E7B0C16F7C66000663707</key>
		<dict>
			<key>isa</key>
			<string>PBXFileReference</string>
			<key>lastKnownFileType</key>
			<string>image.png</string>
			<key>path</key>
			<string>newsletter_background_custom_sample@2x~ipad.png</string>
			<key>sourceTree</key>
			<string>&lt;group&gt;</string>
		</dict>
		<key>4F4E7B0D16F7C66000663707</key>
		<dict>
			<key>isa</key>
			<string>PBXFileReference</string>
			<key>lastKnownFileType</key>
			<string>image.png</string>
			<key>path</key>
			<string>newsletter_background_custom_sample@2x~iphone.png</string>
			<key>sourceTree</key>
			<string>&lt;group&gt;</string>
		</dict>
		<key>4F4E7B0E16F7C66000663707</key>
		<dict>
			<key>isa</key>
			<string>PBXFileReference</string>
			<key>lastKnownFileType</key>
			<string>image.png</string>
			<key>path</key>
			<string>newsletter_invite_custom_sample@2x~ipad.png</string>
			<key>sourceTree</key>
			<string>&lt;group&gt;</string>
		</dict>
		<key>4F4E7B0F16F7C66000663707</key>
		<dict>
			<key>isa</key>
			<string>PBXFileReference</string>
			<key>lastKnownFileType</key>
			<string>image.png</string>
			<key>path</key>
			<string>newsletter_invite_custom_sample@2x~iphone.png</string>
			<key>sourceTree</key>
			<string>&lt;group&gt;</string>
		</dict>
		<key>4F4E7B1016F7C66000663707</key>
		<dict>
			<key>isa</key>
			<string>PBXFileReference</string>
			<key>lastKnownFileType</key>
			<string>image.png</string>
			<key>path</key>
			<string>submit_button@2x~ipad.png</string>
			<key>sourceTree</key>
			<string>&lt;group&gt;</string>
		</dict>
		<key>4F4E7B1116F7C66000663707</key>
		<dict>
			<key>isa</key>
			<string>PBXFileReference</string>
			<key>lastKnownFileType</key>
			<string>image.png</string>
			<key>path</key>
			<string>submit_button@2x~iphone.png</string>
			<key>sourceTree</key>
			<string>&lt;group&gt;</string>
		</dict>
		<key>4F4E7B1216F7C66000663707</key>
		<dict>
			<key>fileRef</key>
			<string>4F4E7B0C16F7C66000663707</string>
			<key>isa</key>
			<string>PBXBuildFile</string>
		</dict>
		<key>4F4E7B1316F7C66000663707</key>
		<dict>
			<key>fileRef</key>
			<string>4F4E7B0D16F7C66000663707</string>
			<key>isa</key>
			<string>PBXBuildFile</string>
		</dict>
		<key>4F4E7B1416F7C66000663707</key>
		<dict>
			<key>fileRef</key>
			<string>4F4E7B0E16F7C66000663707</string>
			<key>isa</key>
			<string>PBXBuildFile</string>
		</dict>
		<key>4F4E7B1516F7C66000663707</key>
		<dict>
			<key>fileRef</key>
			<string>4F4E7B0F16F7C66000663707</string>
			<key>isa</key>
			<string>PBXBuildFile</string>
		</dict>
		<key>4F4E7B1616F7C66000663707</key>
		<dict>
			<key>fileRef</key>
			<string>4F4E7B1016F7C66000663707</string>
			<key>isa</key>
			<string>PBXBuildFile</string>
		</dict>
		<key>4F4E7B1716F7C66000663707</key>
		<dict>
			<key>fileRef</key>
			<string>4F4E7B1116F7C66000663707</string>
			<key>isa</key>
			<string>PBXBuildFile</string>
		</dict>
		<key>4F4E7B2716F7C6ED00663707</key>
		<dict>
			<key>isa</key>
			<string>PBXFileReference</string>
			<key>lastKnownFileType</key>
			<string>wrapper.framework</string>
			<key>name</key>
			<string>QuartzCore.framework</string>
			<key>path</key>
			<string>System/Library/Frameworks/QuartzCore.framework</string>
			<key>sourceTree</key>
			<string>SDKROOT</string>
		</dict>
		<key>4F4E7B2816F7C6ED00663707</key>
		<dict>
			<key>fileRef</key>
			<string>4F4E7B2716F7C6ED00663707</string>
			<key>isa</key>
			<string>PBXBuildFile</string>
		</dict>
		<key>4F97E83A17B40EDC00773372</key>
		<dict>
			<key>isa</key>
			<string>PBXFileReference</string>
			<key>lastKnownFileType</key>
			<string>image.png</string>
			<key>path</key>
			<string>Example-Kids-Game.png</string>
			<key>sourceTree</key>
			<string>&lt;group&gt;</string>
		</dict>
		<key>4F97E83B17B40EDC00773372</key>
		<dict>
			<key>isa</key>
			<string>PBXFileReference</string>
			<key>lastKnownFileType</key>
			<string>image.png</string>
			<key>path</key>
			<string>Example-Rise.png</string>
			<key>sourceTree</key>
			<string>&lt;group&gt;</string>
		</dict>
		<key>4F97E83C17B40EDC00773372</key>
		<dict>
			<key>isa</key>
			<string>PBXFileReference</string>
			<key>lastKnownFileType</key>
			<string>image.png</string>
			<key>path</key>
			<string>Example-Default.png</string>
			<key>sourceTree</key>
			<string>&lt;group&gt;</string>
		</dict>
		<key>4F97E83D17B40EDC00773372</key>
		<dict>
			<key>fileRef</key>
			<string>4F97E83A17B40EDC00773372</string>
			<key>isa</key>
			<string>PBXBuildFile</string>
		</dict>
		<key>4F97E83E17B40EDC00773372</key>
		<dict>
			<key>fileRef</key>
			<string>4F97E83B17B40EDC00773372</string>
			<key>isa</key>
			<string>PBXBuildFile</string>
		</dict>
		<key>4F97E83F17B40EDC00773372</key>
		<dict>
			<key>fileRef</key>
			<string>4F97E83C17B40EDC00773372</string>
			<key>isa</key>
			<string>PBXBuildFile</string>
		</dict>
		<key>607ED7BCE3404F84808CFB04</key>
		<dict>
			<key>fileRef</key>
			<string>D66B76C67B5C4F7F9C1803A0</string>
			<key>isa</key>
			<string>PBXBuildFile</string>
		</dict>
		<key>69612E8F8F3DF94738A0857A</key>
		<dict>
			<key>includeInIndex</key>
			<string>1</string>
			<key>isa</key>
			<string>PBXFileReference</string>
			<key>lastKnownFileType</key>
			<string>text.xcconfig</string>
			<key>name</key>
			<string>Pods.debug.xcconfig</string>
			<key>path</key>
			<string>Pods/Target Support Files/Pods/Pods.debug.xcconfig</string>
			<key>sourceTree</key>
			<string>&lt;group&gt;</string>
		</dict>
		<key>875959D64CB3661E765E5DBD</key>
		<dict>
			<key>includeInIndex</key>
			<string>1</string>
			<key>isa</key>
			<string>PBXFileReference</string>
			<key>lastKnownFileType</key>
			<string>text.xcconfig</string>
			<key>name</key>
			<string>Pods.release.xcconfig</string>
			<key>path</key>
			<string>Pods/Target Support Files/Pods/Pods.release.xcconfig</string>
			<key>sourceTree</key>
			<string>&lt;group&gt;</string>
		</dict>
		<key>C456745E0CB36FD3E676B242</key>
		<dict>
			<key>children</key>
			<array>
				<string>69612E8F8F3DF94738A0857A</string>
				<string>875959D64CB3661E765E5DBD</string>
			</array>
			<key>isa</key>
			<string>PBXGroup</string>
			<key>name</key>
			<string>Pods</string>
			<key>sourceTree</key>
			<string>&lt;group&gt;</string>
		</dict>
		<key>D66B76C67B5C4F7F9C1803A0</key>
		<dict>
			<key>explicitFileType</key>
			<string>archive.ar</string>
			<key>includeInIndex</key>
			<string>0</string>
			<key>isa</key>
			<string>PBXFileReference</string>
			<key>path</key>
			<string>libPods.a</string>
			<key>sourceTree</key>
			<string>BUILT_PRODUCTS_DIR</string>
		</dict>
	</dict>
	<key>rootObject</key>
	<string>4F4E7AD816F7C58300663707</string>
</dict>
</plist>
