PODS:
  - ChimpKit (3.0.2)
  - LSNewsletterInvite (0.6):
    - ChimpKit (~> 3.0.2)
    - SVProgressHUD (~> 1.0)
  - SVProgressHUD (1.0)

DEPENDENCIES:
  - LSNewsletterInvite

SPEC CHECKSUMS:
  ChimpKit: 23aa5bcd1bdcc45f4bed49f91b56a4c164433e3e
  LSNewsletterInvite: b51df4ebc3495c08d657797783747fd69d9bdb94
  SVProgressHUD: 5034c6e22b8c2ca3e09402e48d41ed0340aa1c50

COCOAPODS: 0.34.4
